
Microsoft Visual Studio Solution File, Format Version 12.00
# Visual Studio Version 16
VisualStudioVersion = 16.0.31515.178
MinimumVisualStudioVersion = 10.0.40219.1
Project("{FAE04EC0-301F-11D3-BF4B-00C04F79EFBC}") = "PMS.PatientAPI", "PMS.PatientAPI.csproj", "{8092C6FE-CF6A-47AE-8A75-77CDBF87CCAD}"
EndProject
Global
	GlobalSection(SolutionConfigurationPlatforms) = preSolution
		Debug|Any CPU = Debug|Any CPU
		Release|Any CPU = Release|Any CPU
	EndGlobalSection
	GlobalSection(ProjectConfigurationPlatforms) = postSolution
		{8092C6FE-CF6A-47AE-8A75-77CDBF87CCAD}.Debug|Any CPU.ActiveCfg = Debug|Any CPU
		{8092C6FE-CF6A-47AE-8A75-77CDBF87CCAD}.Debug|Any CPU.Build.0 = Debug|Any CPU
		{8092C6FE-CF6A-47AE-8A75-77CDBF87CCAD}.Release|Any CPU.ActiveCfg = Release|Any CPU
		{8092C6FE-CF6A-47AE-8A75-77CDBF87CCAD}.Release|Any CPU.Build.0 = Release|Any CPU
	EndGlobalSection
	GlobalSection(SolutionProperties) = preSolution
		HideSolutionNode = FALSE
	EndGlobalSection
	GlobalSection(ExtensibilityGlobals) = postSolution
		SolutionGuid = {DCE2887E-8235-4863-ABD2-60C80A7EAF4B}
	EndGlobalSection
EndGlobal
